
Microsoft Visual Studio Solution File, Format Version 12.00
# Visual Studio Version 17
VisualStudioVersion = 17.14.36623.8 d17.14
MinimumVisualStudioVersion = 10.0.40219.1
Project("{FAE04EC0-301F-11D3-BF4B-00C04F79EFBC}") = "OpenPoseServer", "OpenPoseServer\OpenPoseServer.csproj", "{3AF1E38F-F817-4165-AF2A-1FCD89A89DF5}"
EndProject
Global
	GlobalSection(SolutionConfigurationPlatforms) = preSolution
		Debug|Any CPU = Debug|Any CPU
		Release|Any CPU = Release|Any CPU
	EndGlobalSection
	GlobalSection(ProjectConfigurationPlatforms) = postSolution
		{3AF1E38F-F817-4165-AF2A-1FCD89A89DF5}.Debug|Any CPU.ActiveCfg = Debug|Any CPU
		{3AF1E38F-F817-4165-AF2A-1FCD89A89DF5}.Debug|Any CPU.Build.0 = Debug|Any CPU
		{3AF1E38F-F817-4165-AF2A-1FCD89A89DF5}.Release|Any CPU.ActiveCfg = Release|Any CPU
		{3AF1E38F-F817-4165-AF2A-1FCD89A89DF5}.Release|Any CPU.Build.0 = Release|Any CPU
	EndGlobalSection
	GlobalSection(SolutionProperties) = preSolution
		HideSolutionNode = FALSE
	EndGlobalSection
	GlobalSection(ExtensibilityGlobals) = postSolution
		SolutionGuid = {89043B29-6BB6-489A-9FB5-85FB729C81CB}
	EndGlobalSection
EndGlobal
